// !$*UTF8*$!
{
	archiveVersion = 1;
	classes = {
	};
	objectVersion = 50;
	objects = {

/* Begin PBXBuildFile section */
		3F5E36F121E732CF006D5B1D /* AppDelegate.swift in Sources */ = {isa = PBXBuildFile; fileRef = 3F5E36F021E732CF006D5B1D /* AppDelegate.swift */; };
		3F5E36F821E732D0006D5B1D /* Assets.xcassets in Resources */ = {isa = PBXBuildFile; fileRef = 3F5E36F721E732D0006D5B1D /* Assets.xcassets */; };
		3F5E36FB21E732D0006D5B1D /* LaunchScreen.storyboard in Resources */ = {isa = PBXBuildFile; fileRef = 3F5E36F921E732D0006D5B1D /* LaunchScreen.storyboard */; };
		3F5E370621E732D0006D5B1D /* WeatherTests.swift in Sources */ = {isa = PBXBuildFile; fileRef = 3F5E370521E732D0006D5B1D /* WeatherTests.swift */; };
		3F5E371121E732D0006D5B1D /* WeatherUITests.swift in Sources */ = {isa = PBXBuildFile; fileRef = 3F5E371021E732D0006D5B1D /* WeatherUITests.swift */; };
		3F61FBD621E765DC00649F6D /* CountriesViewController.swift in Sources */ = {isa = PBXBuildFile; fileRef = 3F61FBD421E765DC00649F6D /* CountriesViewController.swift */; };
		3F61FBD721E765DC00649F6D /* CountriesViewController.xib in Resources */ = {isa = PBXBuildFile; fileRef = 3F61FBD521E765DC00649F6D /* CountriesViewController.xib */; };
		3F61FBD921E765F700649F6D /* CountriesView.swift in Sources */ = {isa = PBXBuildFile; fileRef = 3F61FBD821E765F700649F6D /* CountriesView.swift */; };
		3F61FBDC21E7808C00649F6D /* Model.swift in Sources */ = {isa = PBXBuildFile; fileRef = 3F61FBDB21E7808C00649F6D /* Model.swift */; };
		3F7B3DC421E73ABD00759A69 /* RootViewController.swift in Sources */ = {isa = PBXBuildFile; fileRef = 3F7B3DC221E73ABD00759A69 /* RootViewController.swift */; };
		3F7B3DC521E73ABD00759A69 /* RootViewController.xib in Resources */ = {isa = PBXBuildFile; fileRef = 3F7B3DC321E73ABD00759A69 /* RootViewController.xib */; };
		3F7B3DC721E73ACE00759A69 /* RootView.swift in Sources */ = {isa = PBXBuildFile; fileRef = 3F7B3DC621E73ACE00759A69 /* RootView.swift */; };
		3F7B3DFB21E74D3800759A69 /* Strings.swift in Sources */ = {isa = PBXBuildFile; fileRef = 3F7B3DE221E74D3800759A69 /* Strings.swift */; };
		3F7B3DFC21E74D3800759A69 /* CancellableProperty.swift in Sources */ = {isa = PBXBuildFile; fileRef = 3F7B3DE321E74D3800759A69 /* CancellableProperty.swift */; };
		3F7B3DFD21E74D3800759A69 /* ObservableObject.swift in Sources */ = {isa = PBXBuildFile; fileRef = 3F7B3DE421E74D3800759A69 /* ObservableObject.swift */; };
		3F7B3DFE21E74D3800759A69 /* InfiniteSecuenceGenerator.swift in Sources */ = {isa = PBXBuildFile; fileRef = 3F7B3DE521E74D3800759A69 /* InfiniteSecuenceGenerator.swift */; };
		3F7B3DFF21E74D3800759A69 /* ObservableObject.Observer.swift in Sources */ = {isa = PBXBuildFile; fileRef = 3F7B3DE621E74D3800759A69 /* ObservableObject.Observer.swift */; };
		3F7B3E0021E74D3800759A69 /* F.swift in Sources */ = {isa = PBXBuildFile; fileRef = 3F7B3DE721E74D3800759A69 /* F.swift */; };
		3F7B3E0121E74D3800759A69 /* Queue.swift in Sources */ = {isa = PBXBuildFile; fileRef = 3F7B3DE821E74D3800759A69 /* Queue.swift */; };
		3F7B3E0221E74D3800759A69 /* Atomic.swift in Sources */ = {isa = PBXBuildFile; fileRef = 3F7B3DE921E74D3800759A69 /* Atomic.swift */; };
		3F7B3E0321E74D3800759A69 /* Duration.swift in Sources */ = {isa = PBXBuildFile; fileRef = 3F7B3DEA21E74D3800759A69 /* Duration.swift */; };
		3F7B3E0421E74D3800759A69 /* RootViewRepresentable.swift in Sources */ = {isa = PBXBuildFile; fileRef = 3F7B3DEC21E74D3800759A69 /* RootViewRepresentable.swift */; };
		3F7B3E0521E74D3800759A69 /* CGRect+Extensions.swift in Sources */ = {isa = PBXBuildFile; fileRef = 3F7B3DEF21E74D3800759A69 /* CGRect+Extensions.swift */; };
		3F7B3E0621E74D3800759A69 /* UIView+CornerRadius.swift in Sources */ = {isa = PBXBuildFile; fileRef = 3F7B3DF121E74D3800759A69 /* UIView+CornerRadius.swift */; };
		3F7B3E0721E74D3800759A69 /* DispatchQueue+Extensions.swift in Sources */ = {isa = PBXBuildFile; fileRef = 3F7B3DF321E74D3800759A69 /* DispatchQueue+Extensions.swift */; };
		3F7B3E0821E74D3800759A69 /* RangeReplaceableCollection+Extension.swift in Sources */ = {isa = PBXBuildFile; fileRef = 3F7B3DF421E74D3800759A69 /* RangeReplaceableCollection+Extension.swift */; };
		3F7B3E0921E74D3800759A69 /* NSLocking+Extension.swift in Sources */ = {isa = PBXBuildFile; fileRef = 3F7B3DF521E74D3800759A69 /* NSLocking+Extension.swift */; };
		3F7B3E0A21E74D3800759A69 /* Strideable+Extension.swift in Sources */ = {isa = PBXBuildFile; fileRef = 3F7B3DF621E74D3800759A69 /* Strideable+Extension.swift */; };
		3F7B3E0B21E74D3800759A69 /* Optional+Extensions.swift in Sources */ = {isa = PBXBuildFile; fileRef = 3F7B3DF721E74D3800759A69 /* Optional+Extensions.swift */; };
		3F7B3E0C21E74D3800759A69 /* DispatchTime+Extension.swift in Sources */ = {isa = PBXBuildFile; fileRef = 3F7B3DF821E74D3800759A69 /* DispatchTime+Extension.swift */; };
		3F7B3E0D21E74D3800759A69 /* Cancellable.swift in Sources */ = {isa = PBXBuildFile; fileRef = 3F7B3DFA21E74D3800759A69 /* Cancellable.swift */; };
		3F99E63821EC819F00E2C08E /* NetworkManager.swift in Sources */ = {isa = PBXBuildFile; fileRef = 3F99E63721EC819F00E2C08E /* NetworkManager.swift */; };
		3F99E63A21EC850400E2C08E /* ColorRepresentable.swift in Sources */ = {isa = PBXBuildFile; fileRef = 3F99E63921EC850400E2C08E /* ColorRepresentable.swift */; };
		3F99E63D21EC8E6800E2C08E /* WeatherViewController.swift in Sources */ = {isa = PBXBuildFile; fileRef = 3F99E63B21EC8E6800E2C08E /* WeatherViewController.swift */; };
		3F99E63E21EC8E6800E2C08E /* WeatherViewController.xib in Resources */ = {isa = PBXBuildFile; fileRef = 3F99E63C21EC8E6800E2C08E /* WeatherViewController.xib */; };
		3F99E64021EC8E7A00E2C08E /* WeatherView.swift in Sources */ = {isa = PBXBuildFile; fileRef = 3F99E63F21EC8E7A00E2C08E /* WeatherView.swift */; };
/* End PBXBuildFile section */

/* Begin PBXContainerItemProxy section */
		3F5E370221E732D0006D5B1D /* PBXContainerItemProxy */ = {
			isa = PBXContainerItemProxy;
			containerPortal = 3F5E36E521E732CE006D5B1D /* Project object */;
			proxyType = 1;
			remoteGlobalIDString = 3F5E36EC21E732CE006D5B1D;
			remoteInfo = Weather;
		};
		3F5E370D21E732D0006D5B1D /* PBXContainerItemProxy */ = {
			isa = PBXContainerItemProxy;
			containerPortal = 3F5E36E521E732CE006D5B1D /* Project object */;
			proxyType = 1;
			remoteGlobalIDString = 3F5E36EC21E732CE006D5B1D;
			remoteInfo = Weather;
		};
/* End PBXContainerItemProxy section */

/* Begin PBXFileReference section */
		3F5E36ED21E732CE006D5B1D /* Weather.app */ = {isa = PBXFileReference; explicitFileType = wrapper.application; includeInIndex = 0; path = Weather.app; sourceTree = BUILT_PRODUCTS_DIR; };
		3F5E36F021E732CF006D5B1D /* AppDelegate.swift */ = {isa = PBXFileReference; lastKnownFileType = sourcecode.swift; path = AppDelegate.swift; sourceTree = "<group>"; };
		3F5E36F721E732D0006D5B1D /* Assets.xcassets */ = {isa = PBXFileReference; lastKnownFileType = folder.assetcatalog; path = Assets.xcassets; sourceTree = "<group>"; };
		3F5E36FA21E732D0006D5B1D /* Base */ = {isa = PBXFileReference; lastKnownFileType = file.storyboard; name = Base; path = Base.lproj/LaunchScreen.storyboard; sourceTree = "<group>"; };
		3F5E36FC21E732D0006D5B1D /* Info.plist */ = {isa = PBXFileReference; lastKnownFileType = text.plist.xml; path = Info.plist; sourceTree = "<group>"; };
		3F5E370121E732D0006D5B1D /* WeatherTests.xctest */ = {isa = PBXFileReference; explicitFileType = wrapper.cfbundle; includeInIndex = 0; path = WeatherTests.xctest; sourceTree = BUILT_PRODUCTS_DIR; };
		3F5E370521E732D0006D5B1D /* WeatherTests.swift */ = {isa = PBXFileReference; lastKnownFileType = sourcecode.swift; path = WeatherTests.swift; sourceTree = "<group>"; };
		3F5E370721E732D0006D5B1D /* Info.plist */ = {isa = PBXFileReference; lastKnownFileType = text.plist.xml; path = Info.plist; sourceTree = "<group>"; };
		3F5E370C21E732D0006D5B1D /* WeatherUITests.xctest */ = {isa = PBXFileReference; explicitFileType = wrapper.cfbundle; includeInIndex = 0; path = WeatherUITests.xctest; sourceTree = BUILT_PRODUCTS_DIR; };
		3F5E371021E732D0006D5B1D /* WeatherUITests.swift */ = {isa = PBXFileReference; lastKnownFileType = sourcecode.swift; path = WeatherUITests.swift; sourceTree = "<group>"; };
		3F5E371221E732D0006D5B1D /* Info.plist */ = {isa = PBXFileReference; lastKnownFileType = text.plist.xml; path = Info.plist; sourceTree = "<group>"; };
		3F61FBD421E765DC00649F6D /* CountriesViewController.swift */ = {isa = PBXFileReference; lastKnownFileType = sourcecode.swift; path = CountriesViewController.swift; sourceTree = "<group>"; };
		3F61FBD521E765DC00649F6D /* CountriesViewController.xib */ = {isa = PBXFileReference; lastKnownFileType = file.xib; path = CountriesViewController.xib; sourceTree = "<group>"; };
		3F61FBD821E765F700649F6D /* CountriesView.swift */ = {isa = PBXFileReference; lastKnownFileType = sourcecode.swift; path = CountriesView.swift; sourceTree = "<group>"; };
		3F61FBDB21E7808C00649F6D /* Model.swift */ = {isa = PBXFileReference; lastKnownFileType = sourcecode.swift; path = Model.swift; sourceTree = "<group>"; };
		3F7B3DC221E73ABD00759A69 /* RootViewController.swift */ = {isa = PBXFileReference; lastKnownFileType = sourcecode.swift; path = RootViewController.swift; sourceTree = "<group>"; };
		3F7B3DC321E73ABD00759A69 /* RootViewController.xib */ = {isa = PBXFileReference; lastKnownFileType = file.xib; path = RootViewController.xib; sourceTree = "<group>"; };
		3F7B3DC621E73ACE00759A69 /* RootView.swift */ = {isa = PBXFileReference; lastKnownFileType = sourcecode.swift; path = RootView.swift; sourceTree = "<group>"; };
		3F7B3DE221E74D3800759A69 /* Strings.swift */ = {isa = PBXFileReference; fileEncoding = 4; lastKnownFileType = sourcecode.swift; path = Strings.swift; sourceTree = "<group>"; };
		3F7B3DE321E74D3800759A69 /* CancellableProperty.swift */ = {isa = PBXFileReference; fileEncoding = 4; lastKnownFileType = sourcecode.swift; path = CancellableProperty.swift; sourceTree = "<group>"; };
		3F7B3DE421E74D3800759A69 /* ObservableObject.swift */ = {isa = PBXFileReference; fileEncoding = 4; lastKnownFileType = sourcecode.swift; path = ObservableObject.swift; sourceTree = "<group>"; };
		3F7B3DE521E74D3800759A69 /* InfiniteSecuenceGenerator.swift */ = {isa = PBXFileReference; fileEncoding = 4; lastKnownFileType = sourcecode.swift; path = InfiniteSecuenceGenerator.swift; sourceTree = "<group>"; };
		3F7B3DE621E74D3800759A69 /* ObservableObject.Observer.swift */ = {isa = PBXFileReference; fileEncoding = 4; lastKnownFileType = sourcecode.swift; path = ObservableObject.Observer.swift; sourceTree = "<group>"; };
		3F7B3DE721E74D3800759A69 /* F.swift */ = {isa = PBXFileReference; fileEncoding = 4; lastKnownFileType = sourcecode.swift; path = F.swift; sourceTree = "<group>"; };
		3F7B3DE821E74D3800759A69 /* Queue.swift */ = {isa = PBXFileReference; fileEncoding = 4; lastKnownFileType = sourcecode.swift; path = Queue.swift; sourceTree = "<group>"; };
		3F7B3DE921E74D3800759A69 /* Atomic.swift */ = {isa = PBXFileReference; fileEncoding = 4; lastKnownFileType = sourcecode.swift; path = Atomic.swift; sourceTree = "<group>"; };
		3F7B3DEA21E74D3800759A69 /* Duration.swift */ = {isa = PBXFileReference; fileEncoding = 4; lastKnownFileType = sourcecode.swift; path = Duration.swift; sourceTree = "<group>"; };
		3F7B3DEC21E74D3800759A69 /* RootViewRepresentable.swift */ = {isa = PBXFileReference; fileEncoding = 4; lastKnownFileType = sourcecode.swift; path = RootViewRepresentable.swift; sourceTree = "<group>"; };
		3F7B3DEF21E74D3800759A69 /* CGRect+Extensions.swift */ = {isa = PBXFileReference; fileEncoding = 4; lastKnownFileType = sourcecode.swift; path = "CGRect+Extensions.swift"; sourceTree = "<group>"; };
		3F7B3DF121E74D3800759A69 /* UIView+CornerRadius.swift */ = {isa = PBXFileReference; fileEncoding = 4; lastKnownFileType = sourcecode.swift; path = "UIView+CornerRadius.swift"; sourceTree = "<group>"; };
		3F7B3DF321E74D3800759A69 /* DispatchQueue+Extensions.swift */ = {isa = PBXFileReference; fileEncoding = 4; lastKnownFileType = sourcecode.swift; path = "DispatchQueue+Extensions.swift"; sourceTree = "<group>"; };
		3F7B3DF421E74D3800759A69 /* RangeReplaceableCollection+Extension.swift */ = {isa = PBXFileReference; fileEncoding = 4; lastKnownFileType = sourcecode.swift; path = "RangeReplaceableCollection+Extension.swift"; sourceTree = "<group>"; };
		3F7B3DF521E74D3800759A69 /* NSLocking+Extension.swift */ = {isa = PBXFileReference; fileEncoding = 4; lastKnownFileType = sourcecode.swift; path = "NSLocking+Extension.swift"; sourceTree = "<group>"; };
		3F7B3DF621E74D3800759A69 /* Strideable+Extension.swift */ = {isa = PBXFileReference; fileEncoding = 4; lastKnownFileType = sourcecode.swift; path = "Strideable+Extension.swift"; sourceTree = "<group>"; };
		3F7B3DF721E74D3800759A69 /* Optional+Extensions.swift */ = {isa = PBXFileReference; fileEncoding = 4; lastKnownFileType = sourcecode.swift; path = "Optional+Extensions.swift"; sourceTree = "<group>"; };
		3F7B3DF821E74D3800759A69 /* DispatchTime+Extension.swift */ = {isa = PBXFileReference; fileEncoding = 4; lastKnownFileType = sourcecode.swift; path = "DispatchTime+Extension.swift"; sourceTree = "<group>"; };
		3F7B3DFA21E74D3800759A69 /* Cancellable.swift */ = {isa = PBXFileReference; fileEncoding = 4; lastKnownFileType = sourcecode.swift; path = Cancellable.swift; sourceTree = "<group>"; };
		3F99E63721EC819F00E2C08E /* NetworkManager.swift */ = {isa = PBXFileReference; lastKnownFileType = sourcecode.swift; path = NetworkManager.swift; sourceTree = "<group>"; };
		3F99E63921EC850400E2C08E /* ColorRepresentable.swift */ = {isa = PBXFileReference; lastKnownFileType = sourcecode.swift; path = ColorRepresentable.swift; sourceTree = "<group>"; };
		3F99E63B21EC8E6800E2C08E /* WeatherViewController.swift */ = {isa = PBXFileReference; lastKnownFileType = sourcecode.swift; path = WeatherViewController.swift; sourceTree = "<group>"; };
		3F99E63C21EC8E6800E2C08E /* WeatherViewController.xib */ = {isa = PBXFileReference; lastKnownFileType = file.xib; path = WeatherViewController.xib; sourceTree = "<group>"; };
		3F99E63F21EC8E7A00E2C08E /* WeatherView.swift */ = {isa = PBXFileReference; lastKnownFileType = sourcecode.swift; path = WeatherView.swift; sourceTree = "<group>"; };
/* End PBXFileReference section */

/* Begin PBXFrameworksBuildPhase section */
		3F5E36EA21E732CE006D5B1D /* Frameworks */ = {
			isa = PBXFrameworksBuildPhase;
			buildActionMask = 2147483647;
			files = (
			);
			runOnlyForDeploymentPostprocessing = 0;
		};
		3F5E36FE21E732D0006D5B1D /* Frameworks */ = {
			isa = PBXFrameworksBuildPhase;
			buildActionMask = 2147483647;
			files = (
			);
			runOnlyForDeploymentPostprocessing = 0;
		};
		3F5E370921E732D0006D5B1D /* Frameworks */ = {
			isa = PBXFrameworksBuildPhase;
			buildActionMask = 2147483647;
			files = (
			);
			runOnlyForDeploymentPostprocessing = 0;
		};
/* End PBXFrameworksBuildPhase section */

/* Begin PBXGroup section */
		3F5E36E421E732CE006D5B1D = {
			isa = PBXGroup;
			children = (
				3F5E36EF21E732CE006D5B1D /* Weather */,
				3F5E370421E732D0006D5B1D /* WeatherTests */,
				3F5E370F21E732D0006D5B1D /* WeatherUITests */,
				3F5E36EE21E732CE006D5B1D /* Products */,
			);
			sourceTree = "<group>";
		};
		3F5E36EE21E732CE006D5B1D /* Products */ = {
			isa = PBXGroup;
			children = (
				3F5E36ED21E732CE006D5B1D /* Weather.app */,
				3F5E370121E732D0006D5B1D /* WeatherTests.xctest */,
				3F5E370C21E732D0006D5B1D /* WeatherUITests.xctest */,
			);
			name = Products;
			sourceTree = "<group>";
		};
		3F5E36EF21E732CE006D5B1D /* Weather */ = {
			isa = PBXGroup;
			children = (
				3F5E36F021E732CF006D5B1D /* AppDelegate.swift */,
				3F5E36F721E732D0006D5B1D /* Assets.xcassets */,
				3F5E36F921E732D0006D5B1D /* LaunchScreen.storyboard */,
				3F5E36FC21E732D0006D5B1D /* Info.plist */,
				3F7B3DBC21E738CA00759A69 /* UI */,
				3F7B3DE021E74D3800759A69 /* Lib */,
			);
			path = Weather;
			sourceTree = "<group>";
		};
		3F5E370421E732D0006D5B1D /* WeatherTests */ = {
			isa = PBXGroup;
			children = (
				3F5E370521E732D0006D5B1D /* WeatherTests.swift */,
				3F5E370721E732D0006D5B1D /* Info.plist */,
			);
			path = WeatherTests;
			sourceTree = "<group>";
		};
		3F5E370F21E732D0006D5B1D /* WeatherUITests */ = {
			isa = PBXGroup;
			children = (
				3F5E371021E732D0006D5B1D /* WeatherUITests.swift */,
				3F5E371221E732D0006D5B1D /* Info.plist */,
			);
			path = WeatherUITests;
			sourceTree = "<group>";
		};
		3F61FBDA21E7806E00649F6D /* Model */ = {
			isa = PBXGroup;
			children = (
				3F61FBDB21E7808C00649F6D /* Model.swift */,
			);
			path = Model;
			sourceTree = "<group>";
		};
		3F7B3DBC21E738CA00759A69 /* UI */ = {
			isa = PBXGroup;
			children = (
				3F99E63721EC819F00E2C08E /* NetworkManager.swift */,
				3F61FBDA21E7806E00649F6D /* Model */,
				3F7B3DBF21E73A3000759A69 /* RootViewController */,
				3F7B3DC021E73A4100759A69 /* CountriesViewController */,
				3F7B3DBD21E7390700759A69 /* WeatherViewController */,
			);
			path = UI;
			sourceTree = "<group>";
		};
		3F7B3DBD21E7390700759A69 /* WeatherViewController */ = {
			isa = PBXGroup;
			children = (
				3F99E63B21EC8E6800E2C08E /* WeatherViewController.swift */,
				3F99E63C21EC8E6800E2C08E /* WeatherViewController.xib */,
				3F99E63F21EC8E7A00E2C08E /* WeatherView.swift */,
			);
			path = WeatherViewController;
			sourceTree = "<group>";
		};
		3F7B3DBF21E73A3000759A69 /* RootViewController */ = {
			isa = PBXGroup;
			children = (
				3F7B3DC221E73ABD00759A69 /* RootViewController.swift */,
				3F7B3DC321E73ABD00759A69 /* RootViewController.xib */,
				3F7B3DC621E73ACE00759A69 /* RootView.swift */,
			);
			path = RootViewController;
			sourceTree = "<group>";
		};
		3F7B3DC021E73A4100759A69 /* CountriesViewController */ = {
			isa = PBXGroup;
			children = (
				3F61FBD421E765DC00649F6D /* CountriesViewController.swift */,
				3F61FBD521E765DC00649F6D /* CountriesViewController.xib */,
				3F61FBD821E765F700649F6D /* CountriesView.swift */,
			);
			path = CountriesViewController;
			sourceTree = "<group>";
		};
		3F7B3DE021E74D3800759A69 /* Lib */ = {
			isa = PBXGroup;
			children = (
				3F7B3DEB21E74D3800759A69 /* Mixin */,
				3F7B3DE121E74D3800759A69 /* Types */,
				3F7B3DED21E74D3800759A69 /* Extensions */,
				3F7B3DF921E74D3800759A69 /* Protocols */,
			);
			path = Lib;
			sourceTree = "<group>";
		};
		3F7B3DE121E74D3800759A69 /* Types */ = {
			isa = PBXGroup;
			children = (
				3F7B3DE221E74D3800759A69 /* Strings.swift */,
				3F7B3DE321E74D3800759A69 /* CancellableProperty.swift */,
				3F7B3DE421E74D3800759A69 /* ObservableObject.swift */,
				3F7B3DE521E74D3800759A69 /* InfiniteSecuenceGenerator.swift */,
				3F7B3DE621E74D3800759A69 /* ObservableObject.Observer.swift */,
				3F7B3DE721E74D3800759A69 /* F.swift */,
				3F7B3DE821E74D3800759A69 /* Queue.swift */,
				3F7B3DE921E74D3800759A69 /* Atomic.swift */,
				3F7B3DEA21E74D3800759A69 /* Duration.swift */,
			);
			path = Types;
			sourceTree = "<group>";
		};
		3F7B3DEB21E74D3800759A69 /* Mixin */ = {
			isa = PBXGroup;
			children = (
				3F7B3DEC21E74D3800759A69 /* RootViewRepresentable.swift */,
			);
			path = Mixin;
			sourceTree = "<group>";
		};
		3F7B3DED21E74D3800759A69 /* Extensions */ = {
			isa = PBXGroup;
			children = (
				3F7B3DEE21E74D3800759A69 /* CoreGraphics */,
				3F7B3DF021E74D3800759A69 /* UIKit */,
				3F7B3DF221E74D3800759A69 /* Foundation */,
			);
			path = Extensions;
			sourceTree = "<group>";
		};
		3F7B3DEE21E74D3800759A69 /* CoreGraphics */ = {
			isa = PBXGroup;
			children = (
				3F7B3DEF21E74D3800759A69 /* CGRect+Extensions.swift */,
			);
			path = CoreGraphics;
			sourceTree = "<group>";
		};
		3F7B3DF021E74D3800759A69 /* UIKit */ = {
			isa = PBXGroup;
			children = (
				3F7B3DF121E74D3800759A69 /* UIView+CornerRadius.swift */,
			);
			path = UIKit;
			sourceTree = "<group>";
		};
		3F7B3DF221E74D3800759A69 /* Foundation */ = {
			isa = PBXGroup;
			children = (
				3F7B3DF321E74D3800759A69 /* DispatchQueue+Extensions.swift */,
				3F7B3DF421E74D3800759A69 /* RangeReplaceableCollection+Extension.swift */,
				3F7B3DF521E74D3800759A69 /* NSLocking+Extension.swift */,
				3F7B3DF621E74D3800759A69 /* Strideable+Extension.swift */,
				3F7B3DF721E74D3800759A69 /* Optional+Extensions.swift */,
				3F7B3DF821E74D3800759A69 /* DispatchTime+Extension.swift */,
			);
			path = Foundation;
			sourceTree = "<group>";
		};
		3F7B3DF921E74D3800759A69 /* Protocols */ = {
			isa = PBXGroup;
			children = (
				3F7B3DFA21E74D3800759A69 /* Cancellable.swift */,
				3F99E63921EC850400E2C08E /* ColorRepresentable.swift */,
			);
			path = Protocols;
			sourceTree = "<group>";
		};
/* End PBXGroup section */

/* Begin PBXNativeTarget section */
		3F5E36EC21E732CE006D5B1D /* Weather */ = {
			isa = PBXNativeTarget;
			buildConfigurationList = 3F5E371521E732D0006D5B1D /* Build configuration list for PBXNativeTarget "Weather" */;
			buildPhases = (
				3F5E36E921E732CE006D5B1D /* Sources */,
				3F5E36EA21E732CE006D5B1D /* Frameworks */,
				3F5E36EB21E732CE006D5B1D /* Resources */,
			);
			buildRules = (
			);
			dependencies = (
			);
			name = Weather;
			productName = Weather;
			productReference = 3F5E36ED21E732CE006D5B1D /* Weather.app */;
			productType = "com.apple.product-type.application";
		};
		3F5E370021E732D0006D5B1D /* WeatherTests */ = {
			isa = PBXNativeTarget;
			buildConfigurationList = 3F5E371821E732D0006D5B1D /* Build configuration list for PBXNativeTarget "WeatherTests" */;
			buildPhases = (
				3F5E36FD21E732D0006D5B1D /* Sources */,
				3F5E36FE21E732D0006D5B1D /* Frameworks */,
				3F5E36FF21E732D0006D5B1D /* Resources */,
			);
			buildRules = (
			);
			dependencies = (
				3F5E370321E732D0006D5B1D /* PBXTargetDependency */,
			);
			name = WeatherTests;
			productName = WeatherTests;
			productReference = 3F5E370121E732D0006D5B1D /* WeatherTests.xctest */;
			productType = "com.apple.product-type.bundle.unit-test";
		};
		3F5E370B21E732D0006D5B1D /* WeatherUITests */ = {
			isa = PBXNativeTarget;
			buildConfigurationList = 3F5E371B21E732D0006D5B1D /* Build configuration list for PBXNativeTarget "WeatherUITests" */;
			buildPhases = (
				3F5E370821E732D0006D5B1D /* Sources */,
				3F5E370921E732D0006D5B1D /* Frameworks */,
				3F5E370A21E732D0006D5B1D /* Resources */,
			);
			buildRules = (
			);
			dependencies = (
				3F5E370E21E732D0006D5B1D /* PBXTargetDependency */,
			);
			name = WeatherUITests;
			productName = WeatherUITests;
			productReference = 3F5E370C21E732D0006D5B1D /* WeatherUITests.xctest */;
			productType = "com.apple.product-type.bundle.ui-testing";
		};
/* End PBXNativeTarget section */

/* Begin PBXProject section */
		3F5E36E521E732CE006D5B1D /* Project object */ = {
			isa = PBXProject;
			attributes = {
				LastSwiftUpdateCheck = 1000;
				LastUpgradeCheck = 1000;
				ORGANIZATIONNAME = "Usenko Dmitry";
				TargetAttributes = {
					3F5E36EC21E732CE006D5B1D = {
						CreatedOnToolsVersion = 10.0;
					};
					3F5E370021E732D0006D5B1D = {
						CreatedOnToolsVersion = 10.0;
						TestTargetID = 3F5E36EC21E732CE006D5B1D;
					};
					3F5E370B21E732D0006D5B1D = {
						CreatedOnToolsVersion = 10.0;
						TestTargetID = 3F5E36EC21E732CE006D5B1D;
					};
				};
			};
			buildConfigurationList = 3F5E36E821E732CE006D5B1D /* Build configuration list for PBXProject "Weather" */;
			compatibilityVersion = "Xcode 9.3";
			developmentRegion = en;
			hasScannedForEncodings = 0;
			knownRegions = (
				en,
				Base,
			);
			mainGroup = 3F5E36E421E732CE006D5B1D;
			productRefGroup = 3F5E36EE21E732CE006D5B1D /* Products */;
			projectDirPath = "";
			projectRoot = "";
			targets = (
				3F5E36EC21E732CE006D5B1D /* Weather */,
				3F5E370021E732D0006D5B1D /* WeatherTests */,
				3F5E370B21E732D0006D5B1D /* WeatherUITests */,
			);
		};
/* End PBXProject section */

/* Begin PBXResourcesBuildPhase section */
		3F5E36EB21E732CE006D5B1D /* Resources */ = {
			isa = PBXResourcesBuildPhase;
			buildActionMask = 2147483647;
			files = (
				3F99E63E21EC8E6800E2C08E /* WeatherViewController.xib in Resources */,
				3F5E36FB21E732D0006D5B1D /* LaunchScreen.storyboard in Resources */,
				3F5E36F821E732D0006D5B1D /* Assets.xcassets in Resources */,
				3F7B3DC521E73ABD00759A69 /* RootViewController.xib in Resources */,
				3F61FBD721E765DC00649F6D /* CountriesViewController.xib in Resources */,
			);
			runOnlyForDeploymentPostprocessing = 0;
		};
		3F5E36FF21E732D0006D5B1D /* Resources */ = {
			isa = PBXResourcesBuildPhase;
			buildActionMask = 2147483647;
			files = (
			);
			runOnlyForDeploymentPostprocessing = 0;
		};
		3F5E370A21E732D0006D5B1D /* Resources */ = {
			isa = PBXResourcesBuildPhase;
			buildActionMask = 2147483647;
			files = (
			);
			runOnlyForDeploymentPostprocessing = 0;
		};
/* End PBXResourcesBuildPhase section */

/* Begin PBXSourcesBuildPhase section */
		3F5E36E921E732CE006D5B1D /* Sources */ = {
			isa = PBXSourcesBuildPhase;
			buildActionMask = 2147483647;
			files = (
				3F7B3E0921E74D3800759A69 /* NSLocking+Extension.swift in Sources */,
				3F7B3E0B21E74D3800759A69 /* Optional+Extensions.swift in Sources */,
				3F7B3DC421E73ABD00759A69 /* RootViewController.swift in Sources */,
				3F5E36F121E732CF006D5B1D /* AppDelegate.swift in Sources */,
				3F7B3DFB21E74D3800759A69 /* Strings.swift in Sources */,
				3F61FBD921E765F700649F6D /* CountriesView.swift in Sources */,
				3F7B3E0321E74D3800759A69 /* Duration.swift in Sources */,
				3F7B3E0021E74D3800759A69 /* F.swift in Sources */,
				3F7B3E0421E74D3800759A69 /* RootViewRepresentable.swift in Sources */,
				3F7B3DC721E73ACE00759A69 /* RootView.swift in Sources */,
				3F61FBDC21E7808C00649F6D /* Model.swift in Sources */,
				3F7B3E0121E74D3800759A69 /* Queue.swift in Sources */,
				3F7B3DFF21E74D3800759A69 /* ObservableObject.Observer.swift in Sources */,
				3F61FBD621E765DC00649F6D /* CountriesViewController.swift in Sources */,
				3F7B3E0721E74D3800759A69 /* DispatchQueue+Extensions.swift in Sources */,
				3F7B3E0621E74D3800759A69 /* UIView+CornerRadius.swift in Sources */,
				3F99E63821EC819F00E2C08E /* NetworkManager.swift in Sources */,
				3F7B3E0821E74D3800759A69 /* RangeReplaceableCollection+Extension.swift in Sources */,
				3F99E64021EC8E7A00E2C08E /* WeatherView.swift in Sources */,
				3F7B3E0C21E74D3800759A69 /* DispatchTime+Extension.swift in Sources */,
				3F7B3DFE21E74D3800759A69 /* InfiniteSecuenceGenerator.swift in Sources */,
				3F7B3DFC21E74D3800759A69 /* CancellableProperty.swift in Sources */,
				3F7B3E0A21E74D3800759A69 /* Strideable+Extension.swift in Sources */,
				3F7B3E0D21E74D3800759A69 /* Cancellable.swift in Sources */,
				3F7B3E0521E74D3800759A69 /* CGRect+Extensions.swift in Sources */,
				3F7B3DFD21E74D3800759A69 /* ObservableObject.swift in Sources */,
				3F99E63D21EC8E6800E2C08E /* WeatherViewController.swift in Sources */,
				3F99E63A21EC850400E2C08E /* ColorRepresentable.swift in Sources */,
				3F7B3E0221E74D3800759A69 /* Atomic.swift in Sources */,
			);
			runOnlyForDeploymentPostprocessing = 0;
		};
		3F5E36FD21E732D0006D5B1D /* Sources */ = {
			isa = PBXSourcesBuildPhase;
			buildActionMask = 2147483647;
			files = (
				3F5E370621E732D0006D5B1D /* WeatherTests.swift in Sources */,
			);
			runOnlyForDeploymentPostprocessing = 0;
		};
		3F5E370821E732D0006D5B1D /* Sources */ = {
			isa = PBXSourcesBuildPhase;
			buildActionMask = 2147483647;
			files = (
				3F5E371121E732D0006D5B1D /* WeatherUITests.swift in Sources */,
			);
			runOnlyForDeploymentPostprocessing = 0;
		};
/* End PBXSourcesBuildPhase section */

/* Begin PBXTargetDependency section */
		3F5E370321E732D0006D5B1D /* PBXTargetDependency */ = {
			isa = PBXTargetDependency;
			target = 3F5E36EC21E732CE006D5B1D /* Weather */;
			targetProxy = 3F5E370221E732D0006D5B1D /* PBXContainerItemProxy */;
		};
		3F5E370E21E732D0006D5B1D /* PBXTargetDependency */ = {
			isa = PBXTargetDependency;
			target = 3F5E36EC21E732CE006D5B1D /* Weather */;
			targetProxy = 3F5E370D21E732D0006D5B1D /* PBXContainerItemProxy */;
		};
/* End PBXTargetDependency section */

/* Begin PBXVariantGroup section */
		3F5E36F921E732D0006D5B1D /* LaunchScreen.storyboard */ = {
			isa = PBXVariantGroup;
			children = (
				3F5E36FA21E732D0006D5B1D /* Base */,
			);
			name = LaunchScreen.storyboard;
			sourceTree = "<group>";
		};
/* End PBXVariantGroup section */

/* Begin XCBuildConfiguration section */
		3F5E371321E732D0006D5B1D /* Debug */ = {
			isa = XCBuildConfiguration;
			buildSettings = {
				ALWAYS_SEARCH_USER_PATHS = NO;
				CLANG_ANALYZER_NONNULL = YES;
				CLANG_ANALYZER_NUMBER_OBJECT_CONVERSION = YES_AGGRESSIVE;
				CLANG_CXX_LANGUAGE_STANDARD = "gnu++14";
				CLANG_CXX_LIBRARY = "libc++";
				CLANG_ENABLE_MODULES = YES;
				CLANG_ENABLE_OBJC_ARC = YES;
				CLANG_ENABLE_OBJC_WEAK = YES;
				CLANG_WARN_BLOCK_CAPTURE_AUTORELEASING = YES;
				CLANG_WARN_BOOL_CONVERSION = YES;
				CLANG_WARN_COMMA = YES;
				CLANG_WARN_CONSTANT_CONVERSION = YES;
				CLANG_WARN_DEPRECATED_OBJC_IMPLEMENTATIONS = YES;
				CLANG_WARN_DIRECT_OBJC_ISA_USAGE = YES_ERROR;
				CLANG_WARN_DOCUMENTATION_COMMENTS = YES;
				CLANG_WARN_EMPTY_BODY = YES;
				CLANG_WARN_ENUM_CONVERSION = YES;
				CLANG_WARN_INFINITE_RECURSION = YES;
				CLANG_WARN_INT_CONVERSION = YES;
				CLANG_WARN_NON_LITERAL_NULL_CONVERSION = YES;
				CLANG_WARN_OBJC_IMPLICIT_RETAIN_SELF = YES;
				CLANG_WARN_OBJC_LITERAL_CONVERSION = YES;
				CLANG_WARN_OBJC_ROOT_CLASS = YES_ERROR;
				CLANG_WARN_RANGE_LOOP_ANALYSIS = YES;
				CLANG_WARN_STRICT_PROTOTYPES = YES;
				CLANG_WARN_SUSPICIOUS_MOVE = YES;
				CLANG_WARN_UNGUARDED_AVAILABILITY = YES_AGGRESSIVE;
				CLANG_WARN_UNREACHABLE_CODE = YES;
				CLANG_WARN__DUPLICATE_METHOD_MATCH = YES;
				CODE_SIGN_IDENTITY = "iPhone Developer";
				COPY_PHASE_STRIP = NO;
				DEBUG_INFORMATION_FORMAT = dwarf;
				ENABLE_STRICT_OBJC_MSGSEND = YES;
				ENABLE_TESTABILITY = YES;
				GCC_C_LANGUAGE_STANDARD = gnu11;
				GCC_DYNAMIC_NO_PIC = NO;
				GCC_NO_COMMON_BLOCKS = YES;
				GCC_OPTIMIZATION_LEVEL = 0;
				GCC_PREPROCESSOR_DEFINITIONS = (
					"DEBUG=1",
					"$(inherited)",
				);
				GCC_WARN_64_TO_32_BIT_CONVERSION = YES;
				GCC_WARN_ABOUT_RETURN_TYPE = YES_ERROR;
				GCC_WARN_UNDECLARED_SELECTOR = YES;
				GCC_WARN_UNINITIALIZED_AUTOS = YES_AGGRESSIVE;
				GCC_WARN_UNUSED_FUNCTION = YES;
				GCC_WARN_UNUSED_VARIABLE = YES;
				IPHONEOS_DEPLOYMENT_TARGET = 12.0;
				MTL_ENABLE_DEBUG_INFO = INCLUDE_SOURCE;
				MTL_FAST_MATH = YES;
				ONLY_ACTIVE_ARCH = YES;
				SDKROOT = iphoneos;
				SWIFT_ACTIVE_COMPILATION_CONDITIONS = DEBUG;
				SWIFT_OPTIMIZATION_LEVEL = "-Onone";
			};
			name = Debug;
		};
		3F5E371421E732D0006D5B1D /* Release */ = {
			isa = XCBuildConfiguration;
			buildSettings = {
				ALWAYS_SEARCH_USER_PATHS = NO;
				CLANG_ANALYZER_NONNULL = YES;
				CLANG_ANALYZER_NUMBER_OBJECT_CONVERSION = YES_AGGRESSIVE;
				CLANG_CXX_LANGUAGE_STANDARD = "gnu++14";
				CLANG_CXX_LIBRARY = "libc++";
				CLANG_ENABLE_MODULES = YES;
				CLANG_ENABLE_OBJC_ARC = YES;
				CLANG_ENABLE_OBJC_WEAK = YES;
				CLANG_WARN_BLOCK_CAPTURE_AUTORELEASING = YES;
				CLANG_WARN_BOOL_CONVERSION = YES;
				CLANG_WARN_COMMA = YES;
				CLANG_WARN_CONSTANT_CONVERSION = YES;
				CLANG_WARN_DEPRECATED_OBJC_IMPLEMENTATIONS = YES;
				CLANG_WARN_DIRECT_OBJC_ISA_USAGE = YES_ERROR;
				CLANG_WARN_DOCUMENTATION_COMMENTS = YES;
				CLANG_WARN_EMPTY_BODY = YES;
				CLANG_WARN_ENUM_CONVERSION = YES;
				CLANG_WARN_INFINITE_RECURSION = YES;
				CLANG_WARN_INT_CONVERSION = YES;
				CLANG_WARN_NON_LITERAL_NULL_CONVERSION = YES;
				CLANG_WARN_OBJC_IMPLICIT_RETAIN_SELF = YES;
				CLANG_WARN_OBJC_LITERAL_CONVERSION = YES;
				CLANG_WARN_OBJC_ROOT_CLASS = YES_ERROR;
				CLANG_WARN_RANGE_LOOP_ANALYSIS = YES;
				CLANG_WARN_STRICT_PROTOTYPES = YES;
				CLANG_WARN_SUSPICIOUS_MOVE = YES;
				CLANG_WARN_UNGUARDED_AVAILABILITY = YES_AGGRESSIVE;
				CLANG_WARN_UNREACHABLE_CODE = YES;
				CLANG_WARN__DUPLICATE_METHOD_MATCH = YES;
				CODE_SIGN_IDENTITY = "iPhone Developer";
				COPY_PHASE_STRIP = NO;
				DEBUG_INFORMATION_FORMAT = "dwarf-with-dsym";
				ENABLE_NS_ASSERTIONS = NO;
				ENABLE_STRICT_OBJC_MSGSEND = YES;
				GCC_C_LANGUAGE_STANDARD = gnu11;
				GCC_NO_COMMON_BLOCKS = YES;
				GCC_WARN_64_TO_32_BIT_CONVERSION = YES;
				GCC_WARN_ABOUT_RETURN_TYPE = YES_ERROR;
				GCC_WARN_UNDECLARED_SELECTOR = YES;
				GCC_WARN_UNINITIALIZED_AUTOS = YES_AGGRESSIVE;
				GCC_WARN_UNUSED_FUNCTION = YES;
				GCC_WARN_UNUSED_VARIABLE = YES;
				IPHONEOS_DEPLOYMENT_TARGET = 12.0;
				MTL_ENABLE_DEBUG_INFO = NO;
				MTL_FAST_MATH = YES;
				SDKROOT = iphoneos;
				SWIFT_COMPILATION_MODE = wholemodule;
				SWIFT_OPTIMIZATION_LEVEL = "-O";
				VALIDATE_PRODUCT = YES;
			};
			name = Release;
		};
		3F5E371621E732D0006D5B1D /* Debug */ = {
			isa = XCBuildConfiguration;
			buildSettings = {
				ASSETCATALOG_COMPILER_APPICON_NAME = AppIcon;
				CODE_SIGN_STYLE = Automatic;
				INFOPLIST_FILE = Weather/Info.plist;
				LD_RUNPATH_SEARCH_PATHS = (
					"$(inherited)",
					"@executable_path/Frameworks",
				);
				PRODUCT_BUNDLE_IDENTIFIER = "-234.Weather";
				PRODUCT_NAME = "$(TARGET_NAME)";
				SWIFT_VERSION = 4.2;
				TARGETED_DEVICE_FAMILY = "1,2";
			};
			name = Debug;
		};
		3F5E371721E732D0006D5B1D /* Release */ = {
			isa = XCBuildConfiguration;
			buildSettings = {
				ASSETCATALOG_COMPILER_APPICON_NAME = AppIcon;
				CODE_SIGN_STYLE = Automatic;
				INFOPLIST_FILE = Weather/Info.plist;
				LD_RUNPATH_SEARCH_PATHS = (
					"$(inherited)",
					"@executable_path/Frameworks",
				);
				PRODUCT_BUNDLE_IDENTIFIER = "-234.Weather";
				PRODUCT_NAME = "$(TARGET_NAME)";
				SWIFT_VERSION = 4.2;
				TARGETED_DEVICE_FAMILY = "1,2";
			};
			name = Release;
		};
		3F5E371921E732D0006D5B1D /* Debug */ = {
			isa = XCBuildConfiguration;
			buildSettings = {
				ALWAYS_EMBED_SWIFT_STANDARD_LIBRARIES = YES;
				BUNDLE_LOADER = "$(TEST_HOST)";
				CODE_SIGN_STYLE = Automatic;
				INFOPLIST_FILE = WeatherTests/Info.plist;
				LD_RUNPATH_SEARCH_PATHS = (
					"$(inherited)",
					"@executable_path/Frameworks",
					"@loader_path/Frameworks",
				);
				PRODUCT_BUNDLE_IDENTIFIER = "-234.WeatherTests";
				PRODUCT_NAME = "$(TARGET_NAME)";
				SWIFT_VERSION = 4.2;
				TARGETED_DEVICE_FAMILY = "1,2";
				TEST_HOST = "$(BUILT_PRODUCTS_DIR)/Weather.app/Weather";
			};
			name = Debug;
		};
		3F5E371A21E732D0006D5B1D /* Release */ = {
			isa = XCBuildConfiguration;
			buildSettings = {
				ALWAYS_EMBED_SWIFT_STANDARD_LIBRARIES = YES;
				BUNDLE_LOADER = "$(TEST_HOST)";
				CODE_SIGN_STYLE = Automatic;
				INFOPLIST_FILE = WeatherTests/Info.plist;
				LD_RUNPATH_SEARCH_PATHS = (
					"$(inherited)",
					"@executable_path/Frameworks",
					"@loader_path/Frameworks",
				);
				PRODUCT_BUNDLE_IDENTIFIER = "-234.WeatherTests";
				PRODUCT_NAME = "$(TARGET_NAME)";
				SWIFT_VERSION = 4.2;
				TARGETED_DEVICE_FAMILY = "1,2";
				TEST_HOST = "$(BUILT_PRODUCTS_DIR)/Weather.app/Weather";
			};
			name = Release;
		};
		3F5E371C21E732D0006D5B1D /* Debug */ = {
			isa = XCBuildConfiguration;
			buildSettings = {
				ALWAYS_EMBED_SWIFT_STANDARD_LIBRARIES = YES;
				CODE_SIGN_STYLE = Automatic;
				INFOPLIST_FILE = WeatherUITests/Info.plist;
				LD_RUNPATH_SEARCH_PATHS = (
					"$(inherited)",
					"@executable_path/Frameworks",
					"@loader_path/Frameworks",
				);
				PRODUCT_BUNDLE_IDENTIFIER = "-234.WeatherUITests";
				PRODUCT_NAME = "$(TARGET_NAME)";
				SWIFT_VERSION = 4.2;
				TARGETED_DEVICE_FAMILY = "1,2";
				TEST_TARGET_NAME = Weather;
			};
			name = Debug;
		};
		3F5E371D21E732D0006D5B1D /* Release */ = {
			isa = XCBuildConfiguration;
			buildSettings = {
				ALWAYS_EMBED_SWIFT_STANDARD_LIBRARIES = YES;
				CODE_SIGN_STYLE = Automatic;
				INFOPLIST_FILE = WeatherUITests/Info.plist;
				LD_RUNPATH_SEARCH_PATHS = (
					"$(inherited)",
					"@executable_path/Frameworks",
					"@loader_path/Frameworks",
				);
				PRODUCT_BUNDLE_IDENTIFIER = "-234.WeatherUITests";
				PRODUCT_NAME = "$(TARGET_NAME)";
				SWIFT_VERSION = 4.2;
				TARGETED_DEVICE_FAMILY = "1,2";
				TEST_TARGET_NAME = Weather;
			};
			name = Release;
		};
/* End XCBuildConfiguration section */

/* Begin XCConfigurationList section */
		3F5E36E821E732CE006D5B1D /* Build configuration list for PBXProject "Weather" */ = {
			isa = XCConfigurationList;
			buildConfigurations = (
				3F5E371321E732D0006D5B1D /* Debug */,
				3F5E371421E732D0006D5B1D /* Release */,
			);
			defaultConfigurationIsVisible = 0;
			defaultConfigurationName = Release;
		};
		3F5E371521E732D0006D5B1D /* Build configuration list for PBXNativeTarget "Weather" */ = {
			isa = XCConfigurationList;
			buildConfigurations = (
				3F5E371621E732D0006D5B1D /* Debug */,
				3F5E371721E732D0006D5B1D /* Release */,
			);
			defaultConfigurationIsVisible = 0;
			defaultConfigurationName = Release;
		};
		3F5E371821E732D0006D5B1D /* Build configuration list for PBXNativeTarget "WeatherTests" */ = {
			isa = XCConfigurationList;
			buildConfigurations = (
				3F5E371921E732D0006D5B1D /* Debug */,
				3F5E371A21E732D0006D5B1D /* Release */,
			);
			defaultConfigurationIsVisible = 0;
			defaultConfigurationName = Release;
		};
		3F5E371B21E732D0006D5B1D /* Build configuration list for PBXNativeTarget "WeatherUITests" */ = {
			isa = XCConfigurationList;
			buildConfigurations = (
				3F5E371C21E732D0006D5B1D /* Debug */,
				3F5E371D21E732D0006D5B1D /* Release */,
			);
			defaultConfigurationIsVisible = 0;
			defaultConfigurationName = Release;
		};
/* End XCConfigurationList section */
	};
	rootObject = 3F5E36E521E732CE006D5B1D /* Project object */;
}
